Microsoft Visual Studio Solution File, Format Version 12.00
# Visual Studio Version 17
VisualStudioVersion = 17.5.2.0
MinimumVisualStudioVersion = 10.0.40219.1
Project("{FAE04EC0-301F-11D3-BF4B-00C04F79EFBC}") = "fundamento", "fundamento.csproj", "{427C48EE-E9C5-2851-3518-0DAB1111E6CB}"
EndProject
Global
	GlobalSection(SolutionConfigurationPlatforms) = preSolution
		Debug|Any CPU = Debug|Any CPU
		Release|Any CPU = Release|Any CPU
	EndGlobalSection
	GlobalSection(ProjectConfigurationPlatforms) = postSolution
		{427C48EE-E9C5-2851-3518-0DAB1111E6CB}.Debug|Any CPU.ActiveCfg = Debug|Any CPU
		{427C48EE-E9C5-2851-3518-0DAB1111E6CB}.Debug|Any CPU.Build.0 = Debug|Any CPU
		{427C48EE-E9C5-2851-3518-0DAB1111E6CB}.Release|Any CPU.ActiveCfg = Release|Any CPU
		{427C48EE-E9C5-2851-3518-0DAB1111E6CB}.Release|Any CPU.Build.0 = Release|Any CPU
	EndGlobalSection
	GlobalSection(SolutionProperties) = preSolution
		HideSolutionNode = FALSE
	EndGlobalSection
	GlobalSection(ExtensibilityGlobals) = postSolution
		SolutionGuid = {A9ACB578-94EE-469A-B080-26E2B8815810}
	EndGlobalSection
EndGlobal
